
Microsoft Visual Studio Solution File, Format Version 12.00
# Visual Studio Version 17
VisualStudioVersion = 17.8.34227.203
MinimumVisualStudioVersion = 10.0.40219.1
Project("{FAE04EC0-301F-11D3-BF4B-00C04F79EFBC}") = "GroceryGetter", "GroceryGetter.csproj", "{017E5A8F-AB2F-47EA-9515-88ACDE58A339}"
EndProject
Global
	GlobalSection(SolutionConfigurationPlatforms) = preSolution
		Debug|Any CPU = Debug|Any CPU
		Release|Any CPU = Release|Any CPU
	EndGlobalSection
	GlobalSection(ProjectConfigurationPlatforms) = postSolution
		{017E5A8F-AB2F-47EA-9515-88ACDE58A339}.Debug|Any CPU.ActiveCfg = Debug|Any CPU
		{017E5A8F-AB2F-47EA-9515-88ACDE58A339}.Debug|Any CPU.Build.0 = Debug|Any CPU
		{017E5A8F-AB2F-47EA-9515-88ACDE58A339}.Release|Any CPU.ActiveCfg = Release|Any CPU
		{017E5A8F-AB2F-47EA-9515-88ACDE58A339}.Release|Any CPU.Build.0 = Release|Any CPU
	EndGlobalSection
	GlobalSection(SolutionProperties) = preSolution
		HideSolutionNode = FALSE
	EndGlobalSection
	GlobalSection(ExtensibilityGlobals) = postSolution
		SolutionGuid = {7E60E110-4160-4690-B619-B356C7E8F4AD}
	EndGlobalSection
EndGlobal
